{
  "lockfile_version": "1",
  "packages": {
    "git-cliff@latest": {
      "last_modified": "2025-07-13T22:45:35Z",
      "resolved": "github:NixOS/nixpkgs/a421ac6595024edcfbb1ef950a3712b89161c359#git-cliff",
      "source": "devbox-search",
      "version": "2.9.1",
      "systems": {
        "aarch64-darwin": {
          "outputs": [
            {
              "name": "out",
              "path": "/nix/store/rrnq2sdhx3lbpcgasba3kawkds0p6bi1-git-cliff-2.9.1",
              "default": true
            }
          ],
          "store_path": "/nix/store/rrnq2sdhx3lbpcgasba3kawkds0p6bi1-git-cliff-2.9.1"
        },
        "aarch64-linux": {
          "outputs": [
            {
              "name": "out",
              "path": "/nix/store/6y4bw707sj8pk2aic1pfx95ah0agxr8k-git-cliff-2.9.1",
              "default": true
            }
          ],
          "store_path": "/nix/store/6y4bw707sj8pk2aic1pfx95ah0agxr8k-git-cliff-2.9.1"
        },
        "x86_64-darwin": {
          "outputs": [
            {
              "name": "out",
              "path": "/nix/store/q7d7qk4mw1z88y0fhwp1jwxmh45rggni-git-cliff-2.9.1",
              "default": true
            }
          ],
          "store_path": "/nix/store/q7d7qk4mw1z88y0fhwp1jwxmh45rggni-git-cliff-2.9.1"
        },
        "x86_64-linux": {
          "outputs": [
            {
              "name": "out",
              "path": "/nix/store/0fi7bpm40nw0n4bk4v0lfd3bgz7h5fkc-git-cliff-2.9.1",
              "default": true
            }
          ],
          "store_path": "/nix/store/0fi7bpm40nw0n4bk4v0lfd3bgz7h5fkc-git-cliff-2.9.1"
        }
      }
    },
    "github:NixOS/nixpkgs/nixpkgs-unstable": {
      "last_modified": "2025-07-15T16:15:05Z",
      "resolved": "github:NixOS/nixpkgs/dab3a6e781554f965bde3def0aa2fda4eb8f1708?lastModified=1752596105&narHash=sha256-lFNVsu%2FmHLq3q11MuGkMhUUoSXEdQjCHvpReaGP1S2k%3D"
    },
    "poetry@1.8.3": {
      "last_modified": "2024-10-13T23:44:06Z",
      "plugin_version": "0.0.4",
      "resolved": "github:NixOS/nixpkgs/d4f247e89f6e10120f911e2e2d2254a050d0f732#poetry",
      "source": "devbox-search",
      "version": "1.8.3",
      "systems": {
        "aarch64-darwin": {
          "outputs": [
            {
              "name": "out",
              "path": "/nix/store/fka3xx7wsdr990sx6gfnq135fgbsg5kk-python3.12-poetry-1.8.3",
              "default": true
            },
            {
              "name": "dist",
              "path": "/nix/store/4psq3hp05k5hiknyal3n73j2nb3p3avl-python3.12-poetry-1.8.3-dist"
            }
          ],
          "store_path": "/nix/store/fka3xx7wsdr990sx6gfnq135fgbsg5kk-python3.12-poetry-1.8.3"
        },
        "aarch64-linux": {
          "outputs": [
            {
              "name": "out",
              "path": "/nix/store/ps9n96b24a8hffcvxm6r5yravddyhzvl-python3.12-poetry-1.8.3",
              "default": true
            },
            {
              "name": "dist",
              "path": "/nix/store/aig5xw1ivnvd2xx89z6ckz8bidrb78mc-python3.12-poetry-1.8.3-dist"
            }
          ],
          "store_path": "/nix/store/ps9n96b24a8hffcvxm6r5yravddyhzvl-python3.12-poetry-1.8.3"
        },
        "x86_64-darwin": {
          "outputs": [
            {
              "name": "out",
              "path": "/nix/store/nyc7hgafrlzclmh9crm7xfbr07nlcsdn-python3.12-poetry-1.8.3",
              "default": true
            },
            {
              "name": "dist",
              "path": "/nix/store/i2s93flhf82vk6awrjmbwcrdrzsh4g3p-python3.12-poetry-1.8.3-dist"
            }
          ],
          "store_path": "/nix/store/nyc7hgafrlzclmh9crm7xfbr07nlcsdn-python3.12-poetry-1.8.3"
        },
        "x86_64-linux": {
          "outputs": [
            {
              "name": "out",
              "path": "/nix/store/56bqni659v6ckhil8hm7bchaafihjw83-python3.12-poetry-1.8.3",
              "default": true
            },
            {
              "name": "dist",
              "path": "/nix/store/3n61h96fm4dmlj7nl8zcjjb4cnvil90x-python3.12-poetry-1.8.3-dist"
            }
          ],
          "store_path": "/nix/store/56bqni659v6ckhil8hm7bchaafihjw83-python3.12-poetry-1.8.3"
        }
      }
    },
    "pre-commit@latest": {
      "last_modified": "2025-07-13T22:45:35Z",
      "resolved": "github:NixOS/nixpkgs/a421ac6595024edcfbb1ef950a3712b89161c359#pre-commit",
      "source": "devbox-search",
      "version": "4.2.0",
      "systems": {
        "aarch64-darwin": {
          "outputs": [
            {
              "name": "out",
              "path": "/nix/store/b5frag42cw07hc1gkxrv1xbjkcnfh0q9-pre-commit-4.2.0",
              "default": true
            },
            {
              "name": "dist",
              "path": "/nix/store/7lxnpjh8dag7ccp8lkhapiymn4w3kxk9-pre-commit-4.2.0-dist"
            }
          ],
          "store_path": "/nix/store/b5frag42cw07hc1gkxrv1xbjkcnfh0q9-pre-commit-4.2.0"
        },
        "aarch64-linux": {
          "outputs": [
            {
              "name": "out",
              "path": "/nix/store/xqkr7h5i7p089fl61aqh3nwnkca88xlv-pre-commit-4.2.0",
              "default": true
            },
            {
              "name": "dist",
              "path": "/nix/store/ignyllh6jkixbz1rx2vg35jjy6s9xrd7-pre-commit-4.2.0-dist"
            }
          ],
          "store_path": "/nix/store/xqkr7h5i7p089fl61aqh3nwnkca88xlv-pre-commit-4.2.0"
        },
        "x86_64-darwin": {
          "outputs": [
            {
              "name": "out",
              "path": "/nix/store/d6031hds9f1294bcck77kd06fc77ngcg-pre-commit-4.2.0",
              "default": true
            },
            {
              "name": "dist",
              "path": "/nix/store/cgjfs7rmgy4y80xgdxaw1i633vh67w5y-pre-commit-4.2.0-dist"
            }
          ],
          "store_path": "/nix/store/d6031hds9f1294bcck77kd06fc77ngcg-pre-commit-4.2.0"
        },
        "x86_64-linux": {
          "outputs": [
            {
              "name": "out",
              "path": "/nix/store/byg7w84jydnjvckdpg5phvnzb2kflp5c-pre-commit-4.2.0",
              "default": true
            },
            {
              "name": "dist",
              "path": "/nix/store/igjn0vjcmggfda8cxyp6q7fjw0l8idr2-pre-commit-4.2.0-dist"
            }
          ],
          "store_path": "/nix/store/byg7w84jydnjvckdpg5phvnzb2kflp5c-pre-commit-4.2.0"
        }
      }
    },
    "python@3.12": {
      "last_modified": "2025-09-18T16:33:27Z",
      "plugin_version": "0.0.4",
      "resolved": "github:NixOS/nixpkgs/f4b140d5b253f5e2a1ff4e5506edbf8267724bde#python312",
      "source": "devbox-search",
      "version": "3.12.11",
      "systems": {
        "aarch64-darwin": {
          "outputs": [
            {
              "name": "out",
              "path": "/nix/store/y6hx9cmhnnypdwqy8i5knrzk9lx88mwv-python3-3.12.11",
              "default": true
            }
          ],
          "store_path": "/nix/store/y6hx9cmhnnypdwqy8i5knrzk9lx88mwv-python3-3.12.11"
        },
        "aarch64-linux": {
          "outputs": [
            {
              "name": "out",
              "path": "/nix/store/fnxv8pc5hsxx9qm8xb9w25i1r3cvsxw9-python3-3.12.11",
              "default": true
            },
            {
              "name": "debug",
              "path": "/nix/store/vfgxfmclfi1pmq2r8km6lqfl0ypd1p9w-python3-3.12.11-debug"
            }
          ],
          "store_path": "/nix/store/fnxv8pc5hsxx9qm8xb9w25i1r3cvsxw9-python3-3.12.11"
        },
        "x86_64-darwin": {
          "outputs": [
            {
              "name": "out",
              "path": "/nix/store/b6v9c1s74p34vlvhi9yafjyq728wjyqp-python3-3.12.11",
              "default": true
            }
          ],
          "store_path": "/nix/store/b6v9c1s74p34vlvhi9yafjyq728wjyqp-python3-3.12.11"
        },
        "x86_64-linux": {
          "outputs": [
            {
              "name": "out",
              "path": "/nix/store/zsbkvanzzx4dd5va9ivsx83rs12d4dsv-python3-3.12.11",
              "default": true
            },
            {
              "name": "debug",
              "path": "/nix/store/1dzwa80xvjxc4syiyfibj89k3vwxqg4y-python3-3.12.11-debug"
            }
          ],
          "store_path": "/nix/store/zsbkvanzzx4dd5va9ivsx83rs12d4dsv-python3-3.12.11"
        }
      }
    }
  }
}
