{
  "lockfile_version": "1",
  "packages": {
    "git-cliff@latest": {
      "last_modified": "2025-09-18T16:33:27Z",
      "resolved": "github:NixOS/nixpkgs/f4b140d5b253f5e2a1ff4e5506edbf8267724bde#git-cliff",
      "source": "devbox-search",
      "version": "2.10.0",
      "systems": {
        "aarch64-darwin": {
          "outputs": [
            {
              "name": "out",
              "path": "/nix/store/s8nbdmai8kyq0xk0lj2bm0v9zsd66py1-git-cliff-2.10.0",
              "default": true
            }
          ],
          "store_path": "/nix/store/s8nbdmai8kyq0xk0lj2bm0v9zsd66py1-git-cliff-2.10.0"
        },
        "aarch64-linux": {
          "outputs": [
            {
              "name": "out",
              "path": "/nix/store/53s4ni3ba2v5mgbzihvmwvxgv14lfvgw-git-cliff-2.10.0",
              "default": true
            }
          ],
          "store_path": "/nix/store/53s4ni3ba2v5mgbzihvmwvxgv14lfvgw-git-cliff-2.10.0"
        },
        "x86_64-darwin": {
          "outputs": [
            {
              "name": "out",
              "path": "/nix/store/wa3768m9h6gqawngjbq1hxkncs6k45r5-git-cliff-2.10.0",
              "default": true
            }
          ],
          "store_path": "/nix/store/wa3768m9h6gqawngjbq1hxkncs6k45r5-git-cliff-2.10.0"
        },
        "x86_64-linux": {
          "outputs": [
            {
              "name": "out",
              "path": "/nix/store/6pif3fzfd9sa8lkgzbqwwdggz21q1ssy-git-cliff-2.10.0",
              "default": true
            }
          ],
          "store_path": "/nix/store/6pif3fzfd9sa8lkgzbqwwdggz21q1ssy-git-cliff-2.10.0"
        }
      }
    },
    "github:NixOS/nixpkgs/nixpkgs-unstable": {
      "last_modified": "2025-08-31T10:29:22Z",
      "resolved": "github:NixOS/nixpkgs/37ff64b7108517f8b6ba5705ee5085eac636a249?lastModified=1756636162&narHash=sha256-mBecwgUTWRgClJYqcF%2By4O1bY8PQHqeDpB%2BzsAn%2B%2FzA%3D"
    },
    "poetry@1.8.3": {
      "last_modified": "2024-10-13T23:44:06Z",
      "plugin_version": "0.0.4",
      "resolved": "github:NixOS/nixpkgs/d4f247e89f6e10120f911e2e2d2254a050d0f732#poetry",
      "source": "devbox-search",
      "version": "1.8.3",
      "systems": {
        "aarch64-darwin": {
          "outputs": [
            {
              "name": "out",
              "path": "/nix/store/fka3xx7wsdr990sx6gfnq135fgbsg5kk-python3.12-poetry-1.8.3",
              "default": true
            },
            {
              "name": "dist",
              "path": "/nix/store/4psq3hp05k5hiknyal3n73j2nb3p3avl-python3.12-poetry-1.8.3-dist"
            }
          ],
          "store_path": "/nix/store/fka3xx7wsdr990sx6gfnq135fgbsg5kk-python3.12-poetry-1.8.3"
        },
        "aarch64-linux": {
          "outputs": [
            {
              "name": "out",
              "path": "/nix/store/ps9n96b24a8hffcvxm6r5yravddyhzvl-python3.12-poetry-1.8.3",
              "default": true
            },
            {
              "name": "dist",
              "path": "/nix/store/aig5xw1ivnvd2xx89z6ckz8bidrb78mc-python3.12-poetry-1.8.3-dist"
            }
          ],
          "store_path": "/nix/store/ps9n96b24a8hffcvxm6r5yravddyhzvl-python3.12-poetry-1.8.3"
        },
        "x86_64-darwin": {
          "outputs": [
            {
              "name": "out",
              "path": "/nix/store/nyc7hgafrlzclmh9crm7xfbr07nlcsdn-python3.12-poetry-1.8.3",
              "default": true
            },
            {
              "name": "dist",
              "path": "/nix/store/i2s93flhf82vk6awrjmbwcrdrzsh4g3p-python3.12-poetry-1.8.3-dist"
            }
          ],
          "store_path": "/nix/store/nyc7hgafrlzclmh9crm7xfbr07nlcsdn-python3.12-poetry-1.8.3"
        },
        "x86_64-linux": {
          "outputs": [
            {
              "name": "out",
              "path": "/nix/store/56bqni659v6ckhil8hm7bchaafihjw83-python3.12-poetry-1.8.3",
              "default": true
            },
            {
              "name": "dist",
              "path": "/nix/store/3n61h96fm4dmlj7nl8zcjjb4cnvil90x-python3.12-poetry-1.8.3-dist"
            }
          ],
          "store_path": "/nix/store/56bqni659v6ckhil8hm7bchaafihjw83-python3.12-poetry-1.8.3"
        }
      }
    },
    "pre-commit@latest": {
      "last_modified": "2025-09-18T16:33:27Z",
      "resolved": "github:NixOS/nixpkgs/f4b140d5b253f5e2a1ff4e5506edbf8267724bde#pre-commit",
      "source": "devbox-search",
      "version": "4.3.0",
      "systems": {
        "aarch64-darwin": {
          "outputs": [
            {
              "name": "out",
              "path": "/nix/store/i2y7jkijwc5f0ly9w7pb5nsnib2mlm3v-pre-commit-4.3.0",
              "default": true
            },
            {
              "name": "dist",
              "path": "/nix/store/r65b8k7p52fcw1lnaw560wnswn7sq5l9-pre-commit-4.3.0-dist"
            }
          ],
          "store_path": "/nix/store/i2y7jkijwc5f0ly9w7pb5nsnib2mlm3v-pre-commit-4.3.0"
        },
        "aarch64-linux": {
          "outputs": [
            {
              "name": "out",
              "path": "/nix/store/053lk2khq3v7p8sqx84whzhlb429g6gm-pre-commit-4.3.0",
              "default": true
            },
            {
              "name": "dist",
              "path": "/nix/store/dfm1bdbsvw4qd214972h81fw8g5fpdjc-pre-commit-4.3.0-dist"
            }
          ],
          "store_path": "/nix/store/053lk2khq3v7p8sqx84whzhlb429g6gm-pre-commit-4.3.0"
        },
        "x86_64-darwin": {
          "outputs": [
            {
              "name": "out",
              "path": "/nix/store/j79nsa5j79wmq3jf4kwizaldr5fm82mv-pre-commit-4.3.0",
              "default": true
            },
            {
              "name": "dist",
              "path": "/nix/store/drb2rm5vz0632ydd6m4xwkpcj6j01w4q-pre-commit-4.3.0-dist"
            }
          ],
          "store_path": "/nix/store/j79nsa5j79wmq3jf4kwizaldr5fm82mv-pre-commit-4.3.0"
        },
        "x86_64-linux": {
          "outputs": [
            {
              "name": "out",
              "path": "/nix/store/0ybak1vc0vafqfy5dwyb5biaxr98f3kn-pre-commit-4.3.0",
              "default": true
            },
            {
              "name": "dist",
              "path": "/nix/store/7ni86x0z72zq3r5kyyixy52vsgz8rn3g-pre-commit-4.3.0-dist"
            }
          ],
          "store_path": "/nix/store/0ybak1vc0vafqfy5dwyb5biaxr98f3kn-pre-commit-4.3.0"
        }
      }
    },
    "python@3.12": {
      "last_modified": "2025-09-18T16:33:27Z",
      "plugin_version": "0.0.4",
      "resolved": "github:NixOS/nixpkgs/f4b140d5b253f5e2a1ff4e5506edbf8267724bde#python312",
      "source": "devbox-search",
      "version": "3.12.11",
      "systems": {
        "aarch64-darwin": {
          "outputs": [
            {
              "name": "out",
              "path": "/nix/store/y6hx9cmhnnypdwqy8i5knrzk9lx88mwv-python3-3.12.11",
              "default": true
            }
          ],
          "store_path": "/nix/store/y6hx9cmhnnypdwqy8i5knrzk9lx88mwv-python3-3.12.11"
        },
        "aarch64-linux": {
          "outputs": [
            {
              "name": "out",
              "path": "/nix/store/fnxv8pc5hsxx9qm8xb9w25i1r3cvsxw9-python3-3.12.11",
              "default": true
            },
            {
              "name": "debug",
              "path": "/nix/store/vfgxfmclfi1pmq2r8km6lqfl0ypd1p9w-python3-3.12.11-debug"
            }
          ],
          "store_path": "/nix/store/fnxv8pc5hsxx9qm8xb9w25i1r3cvsxw9-python3-3.12.11"
        },
        "x86_64-darwin": {
          "outputs": [
            {
              "name": "out",
              "path": "/nix/store/b6v9c1s74p34vlvhi9yafjyq728wjyqp-python3-3.12.11",
              "default": true
            }
          ],
          "store_path": "/nix/store/b6v9c1s74p34vlvhi9yafjyq728wjyqp-python3-3.12.11"
        },
        "x86_64-linux": {
          "outputs": [
            {
              "name": "out",
              "path": "/nix/store/zsbkvanzzx4dd5va9ivsx83rs12d4dsv-python3-3.12.11",
              "default": true
            },
            {
              "name": "debug",
              "path": "/nix/store/1dzwa80xvjxc4syiyfibj89k3vwxqg4y-python3-3.12.11-debug"
            }
          ],
          "store_path": "/nix/store/zsbkvanzzx4dd5va9ivsx83rs12d4dsv-python3-3.12.11"
        }
      }
    }
  }
}
